
Microsoft Visual Studio Solution File, Format Version 12.00
# Visual Studio Version 17
VisualStudioVersion = 17.4.33403.182
MinimumVisualStudioVersion = 10.0.40219.1
Project("{8BC9CEB8-8B4A-11D0-8D11-00A0C91BC942}") = "C-t-system", "C-t-system\C-t-system.vcxproj", "{AEDBDBFE-0756-4D0F-904A-C96B21DD0D45}"
EndProject
Project("{2150E333-8FDC-42A3-9474-1A3956D46DE8}") = "Solution items", "Solution items", "{4199FC34-1D72-420F-BE01-8C4D2E0A1190}"
	ProjectSection(SolutionItems) = preProject
		.gitignore = .gitignore
	EndProjectSection
EndProject
Project("{2150E333-8FDC-42A3-9474-1A3956D46DE8}") = "Actions workflows", "Actions workflows", "{87756186-6BC1-433B-89CB-238451ACFB2D}"
	ProjectSection(SolutionItems) = preProject
		.github\workflows\msbuild.yml = .github\workflows\msbuild.yml
	EndProjectSection
EndProject
Global
	GlobalSection(SolutionConfigurationPlatforms) = preSolution
		Debug|x64 = Debug|x64
		Debug|x86 = Debug|x86
		Release|x64 = Release|x64
		Release|x86 = Release|x86
	EndGlobalSection
	GlobalSection(ProjectConfigurationPlatforms) = postSolution
		{AEDBDBFE-0756-4D0F-904A-C96B21DD0D45}.Debug|x64.ActiveCfg = Debug|x64
		{AEDBDBFE-0756-4D0F-904A-C96B21DD0D45}.Debug|x64.Build.0 = Debug|x64
		{AEDBDBFE-0756-4D0F-904A-C96B21DD0D45}.Debug|x86.ActiveCfg = Debug|Win32
		{AEDBDBFE-0756-4D0F-904A-C96B21DD0D45}.Debug|x86.Build.0 = Debug|Win32
		{AEDBDBFE-0756-4D0F-904A-C96B21DD0D45}.Release|x64.ActiveCfg = Release|x64
		{AEDBDBFE-0756-4D0F-904A-C96B21DD0D45}.Release|x64.Build.0 = Release|x64
		{AEDBDBFE-0756-4D0F-904A-C96B21DD0D45}.Release|x86.ActiveCfg = Release|Win32
		{AEDBDBFE-0756-4D0F-904A-C96B21DD0D45}.Release|x86.Build.0 = Release|Win32
	EndGlobalSection
	GlobalSection(SolutionProperties) = preSolution
		HideSolutionNode = FALSE
	EndGlobalSection
	GlobalSection(NestedProjects) = preSolution
		{87756186-6BC1-433B-89CB-238451ACFB2D} = {4199FC34-1D72-420F-BE01-8C4D2E0A1190}
	EndGlobalSection
	GlobalSection(ExtensibilityGlobals) = postSolution
		SolutionGuid = {3A79758A-B28A-49BB-9CAC-7712EF599E9D}
	EndGlobalSection
EndGlobal
